<Solution>
  <Project Path="Elringus.Naninovel.Runtime.csproj" />
  <Project Path="Elringus.Naninovel.Editor.csproj" />
  <Project Path="Assembly-CSharp.csproj" />
  <Project Path="Assembly-CSharp-Editor-firstpass.csproj" />
  <Project Path="Levity.UnifiedSave.Tests.csproj" />
  <Project Path="Levity.Narrative.Flow.csproj" />
  <Project Path="Levity.Composition.csproj" />
  <Project Path="Elringus.Naninovel.E2E.csproj" />
  <Project Path="Levity.Narrative.Naninovel.csproj" />
  <Project Path="Assembly-CSharp-firstpass.csproj" />
  <Project Path="Levity.Stage.Compatibility.csproj" />
  <Project Path="Levity.Narrative.Naninovel.Tests.csproj" />
  <Project Path="Levity.Narrative.Core.Tests.csproj" />
  <Project Path="Levity.Narrative.Core.csproj" />
  <Project Path="Levity.Stage.Unity.csproj" />
  <Project Path="Levity.Stage.Tests.csproj" />
  <Project Path="Levity.Composition.Tests.csproj" />
  <Project Path="Levity.Narrative.Flow.Tests.csproj" />
  <Project Path="Assembly-CSharp-Editor.csproj" />
  <Project Path="Levity.UnifiedSave.csproj" />
  <Project Path="Levity.Stage.Unity.Tests.csproj" />
  <Project Path="Levity.Stage.csproj" />
  <Project Path="Levity.Narrative.Runtime.csproj" />
  <Project Path="Levity.Narrative.Naninovel.PlayModeTests.csproj" />
  <Project Path="Levity.Narrative.Workspace.csproj" />
  <Project Path="Levity.Narrative.Workspace.Tests.csproj" />
  <Project Path="Levity.Narrative.Placeholder.csproj" />
  <Project Path="Levity.Stage.Workspace.csproj" />
  <Project Path="Levity.Stage.Workspace.Tests.csproj" />
  <Project Path="Sirenix.OdinInspector.Modules.UnityMathematics.csproj" />
</Solution>
